Microsoft Visual Studio Solution File, Format Version 12.00
# Visual Studio Version 16
VisualStudioVersion = 16.0.29911.84
MinimumVisualStudioVersion = 10.0.40219.1
Project("{9A19103F-16F7-4668-BE54-9A1E7A4F7556}") = "Attempt3", "Attempt3\Attempt3.csproj", "{46F96B31-C389-43CB-AB6F-A45F2751626D}"
EndProject
Global
	GlobalSection(SolutionConfigurationPlatforms) = preSolution
		Debug|Any CPU = Debug|Any CPU
		Release|Any CPU = Release|Any CPU
	EndGlobalSection
	GlobalSection(ProjectConfigurationPlatforms) = postSolution
		{46F96B31-C389-43CB-AB6F-A45F2751626D}.Debug|Any CPU.ActiveCfg = Debug|Any CPU
		{46F96B31-C389-43CB-AB6F-A45F2751626D}.Debug|Any CPU.Build.0 = Debug|Any CPU
		{46F96B31-C389-43CB-AB6F-A45F2751626D}.Release|Any CPU.ActiveCfg = Release|Any CPU
		{46F96B31-C389-43CB-AB6F-A45F2751626D}.Release|Any CPU.Build.0 = Release|Any CPU
	EndGlobalSection
	GlobalSection(SolutionProperties) = preSolution
		HideSolutionNode = FALSE
	EndGlobalSection
	GlobalSection(ExtensibilityGlobals) = postSolution
		SolutionGuid = {324A70B9-89FB-4F10-88CD-59B43DA0AEBD}
	EndGlobalSection
EndGlobal
